
Microsoft Visual Studio Solution File, Format Version 12.00
# Visual Studio 15
VisualStudioVersion = 15.0.28307.102
MinimumVisualStudioVersion = 10.0.40219.1
Project("{8BC9CEB8-8B4A-11D0-8D11-00A0C91BC942}") = "libTPDP", "libTPDP\libTPDP.vcxproj", "{647E9BC7-A04D-43A9-8552-F47D9A358DF4}"
EndProject
Project("{8BC9CEB8-8B4A-11D0-8D11-00A0C91BC942}") = "diffgen", "diffgen\diffgen.vcxproj", "{9803E6F3-35D3-4711-AE36-87202A71CA4E}"
	ProjectSection(ProjectDependencies) = postProject
		{647E9BC7-A04D-43A9-8552-F47D9A358DF4} = {647E9BC7-A04D-43A9-8552-F47D9A358DF4}
	EndProjectSection
EndProject
Project("{FAE04EC0-301F-11D3-BF4B-00C04F79EFBC}") = "patcher", "patcher\patcher.csproj", "{3C2F861F-280D-4A77-BAA7-86DB9770E0F8}"
EndProject
Project("{8BC9CEB8-8B4A-11D0-8D11-00A0C91BC942}") = "binedit", "binedit\binedit.vcxproj", "{988FFE71-4C30-44B6-B2BA-FB63085AD821}"
	ProjectSection(ProjectDependencies) = postProject
		{647E9BC7-A04D-43A9-8552-F47D9A358DF4} = {647E9BC7-A04D-43A9-8552-F47D9A358DF4}
	EndProjectSection
EndProject
Global
	GlobalSection(SolutionConfigurationPlatforms) = preSolution
		Debug|Any CPU = Debug|Any CPU
		Debug|x64 = Debug|x64
		Debug|x86 = Debug|x86
		Release AVX2|Any CPU = Release AVX2|Any CPU
		Release AVX2|x64 = Release AVX2|x64
		Release AVX2|x86 = Release AVX2|x86
		Release|Any CPU = Release|Any CPU
		Release|x64 = Release|x64
		Release|x86 = Release|x86
	EndGlobalSection
	GlobalSection(ProjectConfigurationPlatforms) = postSolution
		{647E9BC7-A04D-43A9-8552-F47D9A358DF4}.Debug|Any CPU.ActiveCfg = Debug|Win32
		{647E9BC7-A04D-43A9-8552-F47D9A358DF4}.Debug|x64.ActiveCfg = Debug|x64
		{647E9BC7-A04D-43A9-8552-F47D9A358DF4}.Debug|x64.Build.0 = Debug|x64
		{647E9BC7-A04D-43A9-8552-F47D9A358DF4}.Debug|x86.ActiveCfg = Debug|Win32
		{647E9BC7-A04D-43A9-8552-F47D9A358DF4}.Debug|x86.Build.0 = Debug|Win32
		{647E9BC7-A04D-43A9-8552-F47D9A358DF4}.Release AVX2|Any CPU.ActiveCfg = Release AVX2|Win32
		{647E9BC7-A04D-43A9-8552-F47D9A358DF4}.Release AVX2|x64.ActiveCfg = Release AVX2|x64
		{647E9BC7-A04D-43A9-8552-F47D9A358DF4}.Release AVX2|x64.Build.0 = Release AVX2|x64
		{647E9BC7-A04D-43A9-8552-F47D9A358DF4}.Release AVX2|x86.ActiveCfg = Release AVX2|Win32
		{647E9BC7-A04D-43A9-8552-F47D9A358DF4}.Release AVX2|x86.Build.0 = Release AVX2|Win32
		{647E9BC7-A04D-43A9-8552-F47D9A358DF4}.Release|Any CPU.ActiveCfg = Release|Win32
		{647E9BC7-A04D-43A9-8552-F47D9A358DF4}.Release|x64.ActiveCfg = Release|x64
		{647E9BC7-A04D-43A9-8552-F47D9A358DF4}.Release|x64.Build.0 = Release|x64
		{647E9BC7-A04D-43A9-8552-F47D9A358DF4}.Release|x86.ActiveCfg = Release|Win32
		{647E9BC7-A04D-43A9-8552-F47D9A358DF4}.Release|x86.Build.0 = Release|Win32
		{9803E6F3-35D3-4711-AE36-87202A71CA4E}.Debug|Any CPU.ActiveCfg = Debug|Win32
		{9803E6F3-35D3-4711-AE36-87202A71CA4E}.Debug|x64.ActiveCfg = Debug|x64
		{9803E6F3-35D3-4711-AE36-87202A71CA4E}.Debug|x64.Build.0 = Debug|x64
		{9803E6F3-35D3-4711-AE36-87202A71CA4E}.Debug|x86.ActiveCfg = Debug|Win32
		{9803E6F3-35D3-4711-AE36-87202A71CA4E}.Debug|x86.Build.0 = Debug|Win32
		{9803E6F3-35D3-4711-AE36-87202A71CA4E}.Release AVX2|Any CPU.ActiveCfg = Release AVX2|Win32
		{9803E6F3-35D3-4711-AE36-87202A71CA4E}.Release AVX2|x64.ActiveCfg = Release AVX2|x64
		{9803E6F3-35D3-4711-AE36-87202A71CA4E}.Release AVX2|x64.Build.0 = Release AVX2|x64
		{9803E6F3-35D3-4711-AE36-87202A71CA4E}.Release AVX2|x86.ActiveCfg = Release AVX2|Win32
		{9803E6F3-35D3-4711-AE36-87202A71CA4E}.Release AVX2|x86.Build.0 = Release AVX2|Win32
		{9803E6F3-35D3-4711-AE36-87202A71CA4E}.Release|Any CPU.ActiveCfg = Release|Win32
		{9803E6F3-35D3-4711-AE36-87202A71CA4E}.Release|x64.ActiveCfg = Release|x64
		{9803E6F3-35D3-4711-AE36-87202A71CA4E}.Release|x64.Build.0 = Release|x64
		{9803E6F3-35D3-4711-AE36-87202A71CA4E}.Release|x86.ActiveCfg = Release|Win32
		{9803E6F3-35D3-4711-AE36-87202A71CA4E}.Release|x86.Build.0 = Release|Win32
		{3C2F861F-280D-4A77-BAA7-86DB9770E0F8}.Debug|Any CPU.ActiveCfg = Debug|Any CPU
		{3C2F861F-280D-4A77-BAA7-86DB9770E0F8}.Debug|Any CPU.Build.0 = Debug|Any CPU
		{3C2F861F-280D-4A77-BAA7-86DB9770E0F8}.Debug|x64.ActiveCfg = Debug|Any CPU
		{3C2F861F-280D-4A77-BAA7-86DB9770E0F8}.Debug|x64.Build.0 = Debug|Any CPU
		{3C2F861F-280D-4A77-BAA7-86DB9770E0F8}.Debug|x86.ActiveCfg = Debug|Any CPU
		{3C2F861F-280D-4A77-BAA7-86DB9770E0F8}.Debug|x86.Build.0 = Debug|Any CPU
		{3C2F861F-280D-4A77-BAA7-86DB9770E0F8}.Release AVX2|Any CPU.ActiveCfg = Release|Any CPU
		{3C2F861F-280D-4A77-BAA7-86DB9770E0F8}.Release AVX2|Any CPU.Build.0 = Release|Any CPU
		{3C2F861F-280D-4A77-BAA7-86DB9770E0F8}.Release AVX2|x64.ActiveCfg = Release|Any CPU
		{3C2F861F-280D-4A77-BAA7-86DB9770E0F8}.Release AVX2|x64.Build.0 = Release|Any CPU
		{3C2F861F-280D-4A77-BAA7-86DB9770E0F8}.Release AVX2|x86.ActiveCfg = Release|Any CPU
		{3C2F861F-280D-4A77-BAA7-86DB9770E0F8}.Release AVX2|x86.Build.0 = Release|Any CPU
		{3C2F861F-280D-4A77-BAA7-86DB9770E0F8}.Release|Any CPU.ActiveCfg = Release|Any CPU
		{3C2F861F-280D-4A77-BAA7-86DB9770E0F8}.Release|Any CPU.Build.0 = Release|Any CPU
		{3C2F861F-280D-4A77-BAA7-86DB9770E0F8}.Release|x64.ActiveCfg = Release|Any CPU
		{3C2F861F-280D-4A77-BAA7-86DB9770E0F8}.Release|x64.Build.0 = Release|Any CPU
		{3C2F861F-280D-4A77-BAA7-86DB9770E0F8}.Release|x86.ActiveCfg = Release|Any CPU
		{3C2F861F-280D-4A77-BAA7-86DB9770E0F8}.Release|x86.Build.0 = Release|Any CPU
		{988FFE71-4C30-44B6-B2BA-FB63085AD821}.Debug|Any CPU.ActiveCfg = Debug|Win32
		{988FFE71-4C30-44B6-B2BA-FB63085AD821}.Debug|x64.ActiveCfg = Debug|x64
		{988FFE71-4C30-44B6-B2BA-FB63085AD821}.Debug|x64.Build.0 = Debug|x64
		{988FFE71-4C30-44B6-B2BA-FB63085AD821}.Debug|x86.ActiveCfg = Debug|Win32
		{988FFE71-4C30-44B6-B2BA-FB63085AD821}.Debug|x86.Build.0 = Debug|Win32
		{988FFE71-4C30-44B6-B2BA-FB63085AD821}.Release AVX2|Any CPU.ActiveCfg = Release AVX2|Win32
		{988FFE71-4C30-44B6-B2BA-FB63085AD821}.Release AVX2|x64.ActiveCfg = Release AVX2|x64
		{988FFE71-4C30-44B6-B2BA-FB63085AD821}.Release AVX2|x64.Build.0 = Release AVX2|x64
		{988FFE71-4C30-44B6-B2BA-FB63085AD821}.Release AVX2|x86.ActiveCfg = Release AVX2|Win32
		{988FFE71-4C30-44B6-B2BA-FB63085AD821}.Release AVX2|x86.Build.0 = Release AVX2|Win32
		{988FFE71-4C30-44B6-B2BA-FB63085AD821}.Release|Any CPU.ActiveCfg = Release|Win32
		{988FFE71-4C30-44B6-B2BA-FB63085AD821}.Release|x64.ActiveCfg = Release|x64
		{988FFE71-4C30-44B6-B2BA-FB63085AD821}.Release|x64.Build.0 = Release|x64
		{988FFE71-4C30-44B6-B2BA-FB63085AD821}.Release|x86.ActiveCfg = Release|Win32
		{988FFE71-4C30-44B6-B2BA-FB63085AD821}.Release|x86.Build.0 = Release|Win32
	EndGlobalSection
	GlobalSection(SolutionProperties) = preSolution
		HideSolutionNode = FALSE
	EndGlobalSection
	GlobalSection(ExtensibilityGlobals) = postSolution
		SolutionGuid = {7615642F-6C2A-449C-8027-6391D6B2A808}
	EndGlobalSection
EndGlobal
